
Microsoft Visual Studio Solution File, Format Version 12.00
# Visual Studio 2012
Project("{FAE04EC0-301F-11D3-BF4B-00C04F79EFBC}") = "2.Poc.Kendo", "POC.Kendo\2.Poc.Kendo.csproj", "{D2ED1AB9-4328-4571-9616-D031AE10B51E}"
EndProject
Project("{FAE04EC0-301F-11D3-BF4B-00C04F79EFBC}") = "1.Poc.WebAPI", "POC.WebAPI\1.Poc.WebAPI.csproj", "{208099DC-8A02-4FD1-AD36-F50A0C6026CC}"
EndProject
Global
	GlobalSection(TeamFoundationVersionControl) = preSolution
		SccNumberOfProjects = 3
		SccEnterpriseProvider = {4CA58AB2-18FA-4F8D-95D4-32DDF27D184C}
		SccTeamFoundationServer = http://192.168.0.221:8080/tfs/erp
		SccLocalPath0 = .
		SccProjectUniqueName1 = POC.WebAPI\\1.POC.WebAPI.csproj
		SccProjectName1 = POC.WebAPI
		SccLocalPath1 = POC.WebAPI
		SccProjectUniqueName2 = POC.Kendo\\2.Poc.Kendo.csproj
		SccProjectName2 = POC.Kendo
		SccLocalPath2 = POC.Kendo
	EndGlobalSection
	GlobalSection(SolutionConfigurationPlatforms) = preSolution
		Debug|Any CPU = Debug|Any CPU
		Release|Any CPU = Release|Any CPU
	EndGlobalSection
	GlobalSection(ProjectConfigurationPlatforms) = postSolution
		{D2ED1AB9-4328-4571-9616-D031AE10B51E}.Debug|Any CPU.ActiveCfg = Debug|Any CPU
		{D2ED1AB9-4328-4571-9616-D031AE10B51E}.Debug|Any CPU.Build.0 = Debug|Any CPU
		{D2ED1AB9-4328-4571-9616-D031AE10B51E}.Release|Any CPU.ActiveCfg = Release|Any CPU
		{D2ED1AB9-4328-4571-9616-D031AE10B51E}.Release|Any CPU.Build.0 = Release|Any CPU
		{208099DC-8A02-4FD1-AD36-F50A0C6026CC}.Debug|Any CPU.ActiveCfg = Debug|Any CPU
		{208099DC-8A02-4FD1-AD36-F50A0C6026CC}.Debug|Any CPU.Build.0 = Debug|Any CPU
		{208099DC-8A02-4FD1-AD36-F50A0C6026CC}.Release|Any CPU.ActiveCfg = Release|Any CPU
		{208099DC-8A02-4FD1-AD36-F50A0C6026CC}.Release|Any CPU.Build.0 = Release|Any CPU
	EndGlobalSection
	GlobalSection(SolutionProperties) = preSolution
		HideSolutionNode = FALSE
	EndGlobalSection
EndGlobal
